
Microsoft Visual Studio Solution File, Format Version 12.00
# Visual Studio 14
VisualStudioVersion = 14.0.25123.0
MinimumVisualStudioVersion = 10.0.40219.1
Project("{2150E333-8FDC-42A3-9474-1A3956D46DE8}") = "PublishScripts", "PublishScripts", "{6B88C8F4-22F2-43AE-B3C8-85C83DE31CC8}"
	ProjectSection(SolutionItems) = preProject
		PublishScripts\AzureWebsitePublishModule.psm1 = PublishScripts\AzureWebsitePublishModule.psm1
		PublishScripts\Publish-WebApplicationWebsite.ps1 = PublishScripts\Publish-WebApplicationWebsite.ps1
	EndProjectSection
EndProject
Project("{2150E333-8FDC-42A3-9474-1A3956D46DE8}") = "Configurations", "Configurations", "{0FC1AF95-2FFF-4FE4-A173-023A55730797}"
	ProjectSection(SolutionItems) = preProject
		PublishScripts\Configurations\FormsPlayerWeb-WAWS-dev.json = PublishScripts\Configurations\FormsPlayerWeb-WAWS-dev.json
	EndProjectSection
EndProject
Project("{2150E333-8FDC-42A3-9474-1A3956D46DE8}") = "Solution Items", "Solution Items", "{BD1F1C7C-4D35-47B1-83A6-598B3AA2EDEC}"
	ProjectSection(SolutionItems) = preProject
		..\build.proj = ..\build.proj
		GitInfo.txt = GitInfo.txt
		GlobalAssemblyInfo.cs = GlobalAssemblyInfo.cs
		Xamarin.Forms.Player.nuspec = Xamarin.Forms.Player.nuspec
		Xamarin.Forms.Player.props = Xamarin.Forms.Player.props
		Xamarin.Forms.Player.targets = Xamarin.Forms.Player.targets
	EndProjectSection
EndProject
Project("{FAE04EC0-301F-11D3-BF4B-00C04F79EFBC}") = "FormsPlayer.iOS", "FormsPlayer.iOS\FormsPlayer.iOS.csproj", "{4DB82715-B964-4F04-838A-BDC3B558E0E7}"
EndProject
Project("{FAE04EC0-301F-11D3-BF4B-00C04F79EFBC}") = "FormsPlayer", "FormsPlayer\FormsPlayer.csproj", "{4CB6C426-88C9-4B91-A70B-BE189D71110E}"
EndProject
Project("{FAE04EC0-301F-11D3-BF4B-00C04F79EFBC}") = "FormsPlayer.Android", "FormsPlayer.Android\FormsPlayer.Android.csproj", "{1D4BBD42-6113-4655-A347-555B841E7AA0}"
EndProject
Project("{FAE04EC0-301F-11D3-BF4B-00C04F79EFBC}") = "FormsPlayer.Tests", "FormsPlayer.Tests\FormsPlayer.Tests.csproj", "{E766EE58-CD40-4D98-BB55-9BE2883CBB52}"
EndProject
Project("{FAE04EC0-301F-11D3-BF4B-00C04F79EFBC}") = "FormsPlayer.Console", "FormsPlayer.Console\FormsPlayer.Console.csproj", "{690540E0-428D-40D4-994D-93231F58AD57}"
EndProject
Project("{FAE04EC0-301F-11D3-BF4B-00C04F79EFBC}") = "FormsPlayer.Web", "FormsPlayer.Web\FormsPlayer.Web.csproj", "{04737A35-BF01-4A9C-AC7B-75ED57D016B1}"
EndProject
Project("{FAE04EC0-301F-11D3-BF4B-00C04F79EFBC}") = "FormsPlayer.Vsix", "FormsPlayer.Vsix\FormsPlayer.Vsix.csproj", "{1DA1F519-4BC0-480C-8E90-DAB84CFE0FD6}"
EndProject
Global
	GlobalSection(SolutionConfigurationPlatforms) = preSolution
		Ad-Hoc|Any CPU = Ad-Hoc|Any CPU
		Ad-Hoc|iPhone = Ad-Hoc|iPhone
		Ad-Hoc|iPhoneSimulator = Ad-Hoc|iPhoneSimulator
		Ad-Hoc|Mixed Platforms = Ad-Hoc|Mixed Platforms
		AppStore|Any CPU = AppStore|Any CPU
		AppStore|iPhone = AppStore|iPhone
		AppStore|iPhoneSimulator = AppStore|iPhoneSimulator
		AppStore|Mixed Platforms = AppStore|Mixed Platforms
		Debug|Any CPU = Debug|Any CPU
		Debug|iPhone = Debug|iPhone
		Debug|iPhoneSimulator = Debug|iPhoneSimulator
		Debug|Mixed Platforms = Debug|Mixed Platforms
		Release|Any CPU = Release|Any CPU
		Release|iPhone = Release|iPhone
		Release|iPhoneSimulator = Release|iPhoneSimulator
		Release|Mixed Platforms = Release|Mixed Platforms
	EndGlobalSection
	GlobalSection(ProjectConfigurationPlatforms) = postSolution
		{4DB82715-B964-4F04-838A-BDC3B558E0E7}.Ad-Hoc|Any CPU.ActiveCfg = Ad-Hoc|iPhone
		{4DB82715-B964-4F04-838A-BDC3B558E0E7}.Ad-Hoc|iPhone.ActiveCfg = Ad-Hoc|iPhone
		{4DB82715-B964-4F04-838A-BDC3B558E0E7}.Ad-Hoc|iPhone.Build.0 = Ad-Hoc|iPhone
		{4DB82715-B964-4F04-838A-BDC3B558E0E7}.Ad-Hoc|iPhoneSimulator.ActiveCfg = Ad-Hoc|iPhoneSimulator
		{4DB82715-B964-4F04-838A-BDC3B558E0E7}.Ad-Hoc|iPhoneSimulator.Build.0 = Ad-Hoc|iPhoneSimulator
		{4DB82715-B964-4F04-838A-BDC3B558E0E7}.Ad-Hoc|Mixed Platforms.ActiveCfg = Ad-Hoc|iPhone
		{4DB82715-B964-4F04-838A-BDC3B558E0E7}.Ad-Hoc|Mixed Platforms.Build.0 = Ad-Hoc|iPhone
		{4DB82715-B964-4F04-838A-BDC3B558E0E7}.AppStore|Any CPU.ActiveCfg = AppStore|iPhone
		{4DB82715-B964-4F04-838A-BDC3B558E0E7}.AppStore|iPhone.ActiveCfg = AppStore|iPhone
		{4DB82715-B964-4F04-838A-BDC3B558E0E7}.AppStore|iPhone.Build.0 = AppStore|iPhone
		{4DB82715-B964-4F04-838A-BDC3B558E0E7}.AppStore|iPhoneSimulator.ActiveCfg = AppStore|iPhoneSimulator
		{4DB82715-B964-4F04-838A-BDC3B558E0E7}.AppStore|iPhoneSimulator.Build.0 = AppStore|iPhoneSimulator
		{4DB82715-B964-4F04-838A-BDC3B558E0E7}.AppStore|Mixed Platforms.ActiveCfg = AppStore|iPhone
		{4DB82715-B964-4F04-838A-BDC3B558E0E7}.AppStore|Mixed Platforms.Build.0 = AppStore|iPhone
		{4DB82715-B964-4F04-838A-BDC3B558E0E7}.Debug|Any CPU.ActiveCfg = Debug|iPhoneSimulator
		{4DB82715-B964-4F04-838A-BDC3B558E0E7}.Debug|Any CPU.Build.0 = Debug|iPhoneSimulator
		{4DB82715-B964-4F04-838A-BDC3B558E0E7}.Debug|iPhone.ActiveCfg = Debug|iPhone
		{4DB82715-B964-4F04-838A-BDC3B558E0E7}.Debug|iPhone.Build.0 = Debug|iPhone
		{4DB82715-B964-4F04-838A-BDC3B558E0E7}.Debug|iPhoneSimulator.ActiveCfg = Debug|iPhoneSimulator
		{4DB82715-B964-4F04-838A-BDC3B558E0E7}.Debug|iPhoneSimulator.Build.0 = Debug|iPhoneSimulator
		{4DB82715-B964-4F04-838A-BDC3B558E0E7}.Debug|Mixed Platforms.ActiveCfg = Debug|iPhone
		{4DB82715-B964-4F04-838A-BDC3B558E0E7}.Debug|Mixed Platforms.Build.0 = Debug|iPhone
		{4DB82715-B964-4F04-838A-BDC3B558E0E7}.Release|Any CPU.ActiveCfg = Release|iPhone
		{4DB82715-B964-4F04-838A-BDC3B558E0E7}.Release|iPhone.ActiveCfg = Release|iPhone
		{4DB82715-B964-4F04-838A-BDC3B558E0E7}.Release|iPhone.Build.0 = Release|iPhone
		{4DB82715-B964-4F04-838A-BDC3B558E0E7}.Release|iPhoneSimulator.ActiveCfg = Release|iPhoneSimulator
		{4DB82715-B964-4F04-838A-BDC3B558E0E7}.Release|iPhoneSimulator.Build.0 = Release|iPhoneSimulator
		{4DB82715-B964-4F04-838A-BDC3B558E0E7}.Release|Mixed Platforms.ActiveCfg = Release|iPhone
		{4DB82715-B964-4F04-838A-BDC3B558E0E7}.Release|Mixed Platforms.Build.0 = Release|iPhone
		{4CB6C426-88C9-4B91-A70B-BE189D71110E}.Ad-Hoc|Any CPU.ActiveCfg = Release|Any CPU
		{4CB6C426-88C9-4B91-A70B-BE189D71110E}.Ad-Hoc|Any CPU.Build.0 = Release|Any CPU
		{4CB6C426-88C9-4B91-A70B-BE189D71110E}.Ad-Hoc|iPhone.ActiveCfg = Release|Any CPU
		{4CB6C426-88C9-4B91-A70B-BE189D71110E}.Ad-Hoc|iPhone.Build.0 = Release|Any CPU
		{4CB6C426-88C9-4B91-A70B-BE189D71110E}.Ad-Hoc|iPhoneSimulator.ActiveCfg = Release|Any CPU
		{4CB6C426-88C9-4B91-A70B-BE189D71110E}.Ad-Hoc|iPhoneSimulator.Build.0 = Release|Any CPU
		{4CB6C426-88C9-4B91-A70B-BE189D71110E}.Ad-Hoc|Mixed Platforms.ActiveCfg = Release|Any CPU
		{4CB6C426-88C9-4B91-A70B-BE189D71110E}.Ad-Hoc|Mixed Platforms.Build.0 = Release|Any CPU
		{4CB6C426-88C9-4B91-A70B-BE189D71110E}.AppStore|Any CPU.ActiveCfg = Release|Any CPU
		{4CB6C426-88C9-4B91-A70B-BE189D71110E}.AppStore|Any CPU.Build.0 = Release|Any CPU
		{4CB6C426-88C9-4B91-A70B-BE189D71110E}.AppStore|iPhone.ActiveCfg = Release|Any CPU
		{4CB6C426-88C9-4B91-A70B-BE189D71110E}.AppStore|iPhone.Build.0 = Release|Any CPU
		{4CB6C426-88C9-4B91-A70B-BE189D71110E}.AppStore|iPhoneSimulator.ActiveCfg = Release|Any CPU
		{4CB6C426-88C9-4B91-A70B-BE189D71110E}.AppStore|iPhoneSimulator.Build.0 = Release|Any CPU
		{4CB6C426-88C9-4B91-A70B-BE189D71110E}.AppStore|Mixed Platforms.ActiveCfg = Release|Any CPU
		{4CB6C426-88C9-4B91-A70B-BE189D71110E}.AppStore|Mixed Platforms.Build.0 = Release|Any CPU
		{4CB6C426-88C9-4B91-A70B-BE189D71110E}.Debug|Any CPU.ActiveCfg = Debug|Any CPU
		{4CB6C426-88C9-4B91-A70B-BE189D71110E}.Debug|Any CPU.Build.0 = Debug|Any CPU
		{4CB6C426-88C9-4B91-A70B-BE189D71110E}.Debug|iPhone.ActiveCfg = Debug|Any CPU
		{4CB6C426-88C9-4B91-A70B-BE189D71110E}.Debug|iPhone.Build.0 = Debug|Any CPU
		{4CB6C426-88C9-4B91-A70B-BE189D71110E}.Debug|iPhoneSimulator.ActiveCfg = Debug|Any CPU
		{4CB6C426-88C9-4B91-A70B-BE189D71110E}.Debug|iPhoneSimulator.Build.0 = Debug|Any CPU
		{4CB6C426-88C9-4B91-A70B-BE189D71110E}.Debug|Mixed Platforms.ActiveCfg = Debug|Any CPU
		{4CB6C426-88C9-4B91-A70B-BE189D71110E}.Debug|Mixed Platforms.Build.0 = Debug|Any CPU
		{4CB6C426-88C9-4B91-A70B-BE189D71110E}.Release|Any CPU.ActiveCfg = Release|Any CPU
		{4CB6C426-88C9-4B91-A70B-BE189D71110E}.Release|Any CPU.Build.0 = Release|Any CPU
		{4CB6C426-88C9-4B91-A70B-BE189D71110E}.Release|iPhone.ActiveCfg = Release|Any CPU
		{4CB6C426-88C9-4B91-A70B-BE189D71110E}.Release|iPhone.Build.0 = Release|Any CPU
		{4CB6C426-88C9-4B91-A70B-BE189D71110E}.Release|iPhoneSimulator.ActiveCfg = Release|Any CPU
		{4CB6C426-88C9-4B91-A70B-BE189D71110E}.Release|iPhoneSimulator.Build.0 = Release|Any CPU
		{4CB6C426-88C9-4B91-A70B-BE189D71110E}.Release|Mixed Platforms.ActiveCfg = Release|Any CPU
		{4CB6C426-88C9-4B91-A70B-BE189D71110E}.Release|Mixed Platforms.Build.0 = Release|Any CPU
		{1D4BBD42-6113-4655-A347-555B841E7AA0}.Ad-Hoc|Any CPU.ActiveCfg = Release|Any CPU
		{1D4BBD42-6113-4655-A347-555B841E7AA0}.Ad-Hoc|Any CPU.Build.0 = Release|Any CPU
		{1D4BBD42-6113-4655-A347-555B841E7AA0}.Ad-Hoc|Any CPU.Deploy.0 = Release|Any CPU
		{1D4BBD42-6113-4655-A347-555B841E7AA0}.Ad-Hoc|iPhone.ActiveCfg = Release|Any CPU
		{1D4BBD42-6113-4655-A347-555B841E7AA0}.Ad-Hoc|iPhoneSimulator.ActiveCfg = Release|Any CPU
		{1D4BBD42-6113-4655-A347-555B841E7AA0}.Ad-Hoc|Mixed Platforms.ActiveCfg = Release|Any CPU
		{1D4BBD42-6113-4655-A347-555B841E7AA0}.Ad-Hoc|Mixed Platforms.Build.0 = Release|Any CPU
		{1D4BBD42-6113-4655-A347-555B841E7AA0}.Ad-Hoc|Mixed Platforms.Deploy.0 = Release|Any CPU
		{1D4BBD42-6113-4655-A347-555B841E7AA0}.AppStore|Any CPU.ActiveCfg = Release|Any CPU
		{1D4BBD42-6113-4655-A347-555B841E7AA0}.AppStore|Any CPU.Build.0 = Release|Any CPU
		{1D4BBD42-6113-4655-A347-555B841E7AA0}.AppStore|Any CPU.Deploy.0 = Release|Any CPU
		{1D4BBD42-6113-4655-A347-555B841E7AA0}.AppStore|iPhone.ActiveCfg = Release|Any CPU
		{1D4BBD42-6113-4655-A347-555B841E7AA0}.AppStore|iPhoneSimulator.ActiveCfg = Release|Any CPU
		{1D4BBD42-6113-4655-A347-555B841E7AA0}.AppStore|Mixed Platforms.ActiveCfg = Release|Any CPU
		{1D4BBD42-6113-4655-A347-555B841E7AA0}.AppStore|Mixed Platforms.Build.0 = Release|Any CPU
		{1D4BBD42-6113-4655-A347-555B841E7AA0}.AppStore|Mixed Platforms.Deploy.0 = Release|Any CPU
		{1D4BBD42-6113-4655-A347-555B841E7AA0}.Debug|Any CPU.ActiveCfg = Debug|Any CPU
		{1D4BBD42-6113-4655-A347-555B841E7AA0}.Debug|Any CPU.Build.0 = Debug|Any CPU
		{1D4BBD42-6113-4655-A347-555B841E7AA0}.Debug|Any CPU.Deploy.0 = Debug|Any CPU
		{1D4BBD42-6113-4655-A347-555B841E7AA0}.Debug|iPhone.ActiveCfg = Debug|Any CPU
		{1D4BBD42-6113-4655-A347-555B841E7AA0}.Debug|iPhoneSimulator.ActiveCfg = Debug|Any CPU
		{1D4BBD42-6113-4655-A347-555B841E7AA0}.Debug|iPhoneSimulator.Build.0 = Debug|Any CPU
		{1D4BBD42-6113-4655-A347-555B841E7AA0}.Debug|Mixed Platforms.ActiveCfg = Debug|Any CPU
		{1D4BBD42-6113-4655-A347-555B841E7AA0}.Debug|Mixed Platforms.Build.0 = Debug|Any CPU
		{1D4BBD42-6113-4655-A347-555B841E7AA0}.Debug|Mixed Platforms.Deploy.0 = Debug|Any CPU
		{1D4BBD42-6113-4655-A347-555B841E7AA0}.Release|Any CPU.ActiveCfg = Release|Any CPU
		{1D4BBD42-6113-4655-A347-555B841E7AA0}.Release|Any CPU.Build.0 = Release|Any CPU
		{1D4BBD42-6113-4655-A347-555B841E7AA0}.Release|Any CPU.Deploy.0 = Release|Any CPU
		{1D4BBD42-6113-4655-A347-555B841E7AA0}.Release|iPhone.ActiveCfg = Release|Any CPU
		{1D4BBD42-6113-4655-A347-555B841E7AA0}.Release|iPhoneSimulator.ActiveCfg = Release|Any CPU
		{1D4BBD42-6113-4655-A347-555B841E7AA0}.Release|Mixed Platforms.ActiveCfg = Release|Any CPU
		{1D4BBD42-6113-4655-A347-555B841E7AA0}.Release|Mixed Platforms.Build.0 = Release|Any CPU
		{1D4BBD42-6113-4655-A347-555B841E7AA0}.Release|Mixed Platforms.Deploy.0 = Release|Any CPU
		{E766EE58-CD40-4D98-BB55-9BE2883CBB52}.Ad-Hoc|Any CPU.ActiveCfg = Release|Any CPU
		{E766EE58-CD40-4D98-BB55-9BE2883CBB52}.Ad-Hoc|Any CPU.Build.0 = Release|Any CPU
		{E766EE58-CD40-4D98-BB55-9BE2883CBB52}.Ad-Hoc|iPhone.ActiveCfg = Release|Any CPU
		{E766EE58-CD40-4D98-BB55-9BE2883CBB52}.Ad-Hoc|iPhone.Build.0 = Release|Any CPU
		{E766EE58-CD40-4D98-BB55-9BE2883CBB52}.Ad-Hoc|iPhoneSimulator.ActiveCfg = Release|Any CPU
		{E766EE58-CD40-4D98-BB55-9BE2883CBB52}.Ad-Hoc|iPhoneSimulator.Build.0 = Release|Any CPU
		{E766EE58-CD40-4D98-BB55-9BE2883CBB52}.Ad-Hoc|Mixed Platforms.ActiveCfg = Release|Any CPU
		{E766EE58-CD40-4D98-BB55-9BE2883CBB52}.Ad-Hoc|Mixed Platforms.Build.0 = Release|Any CPU
		{E766EE58-CD40-4D98-BB55-9BE2883CBB52}.AppStore|Any CPU.ActiveCfg = Release|Any CPU
		{E766EE58-CD40-4D98-BB55-9BE2883CBB52}.AppStore|Any CPU.Build.0 = Release|Any CPU
		{E766EE58-CD40-4D98-BB55-9BE2883CBB52}.AppStore|iPhone.ActiveCfg = Release|Any CPU
		{E766EE58-CD40-4D98-BB55-9BE2883CBB52}.AppStore|iPhone.Build.0 = Release|Any CPU
		{E766EE58-CD40-4D98-BB55-9BE2883CBB52}.AppStore|iPhoneSimulator.ActiveCfg = Release|Any CPU
		{E766EE58-CD40-4D98-BB55-9BE2883CBB52}.AppStore|iPhoneSimulator.Build.0 = Release|Any CPU
		{E766EE58-CD40-4D98-BB55-9BE2883CBB52}.AppStore|Mixed Platforms.ActiveCfg = Release|Any CPU
		{E766EE58-CD40-4D98-BB55-9BE2883CBB52}.AppStore|Mixed Platforms.Build.0 = Release|Any CPU
		{E766EE58-CD40-4D98-BB55-9BE2883CBB52}.Debug|Any CPU.ActiveCfg = Debug|Any CPU
		{E766EE58-CD40-4D98-BB55-9BE2883CBB52}.Debug|Any CPU.Build.0 = Debug|Any CPU
		{E766EE58-CD40-4D98-BB55-9BE2883CBB52}.Debug|iPhone.ActiveCfg = Debug|Any CPU
		{E766EE58-CD40-4D98-BB55-9BE2883CBB52}.Debug|iPhone.Build.0 = Debug|Any CPU
		{E766EE58-CD40-4D98-BB55-9BE2883CBB52}.Debug|iPhoneSimulator.ActiveCfg = Debug|Any CPU
		{E766EE58-CD40-4D98-BB55-9BE2883CBB52}.Debug|iPhoneSimulator.Build.0 = Debug|Any CPU
		{E766EE58-CD40-4D98-BB55-9BE2883CBB52}.Debug|Mixed Platforms.ActiveCfg = Debug|Any CPU
		{E766EE58-CD40-4D98-BB55-9BE2883CBB52}.Debug|Mixed Platforms.Build.0 = Debug|Any CPU
		{E766EE58-CD40-4D98-BB55-9BE2883CBB52}.Release|Any CPU.ActiveCfg = Release|Any CPU
		{E766EE58-CD40-4D98-BB55-9BE2883CBB52}.Release|Any CPU.Build.0 = Release|Any CPU
		{E766EE58-CD40-4D98-BB55-9BE2883CBB52}.Release|iPhone.ActiveCfg = Release|Any CPU
		{E766EE58-CD40-4D98-BB55-9BE2883CBB52}.Release|iPhone.Build.0 = Release|Any CPU
		{E766EE58-CD40-4D98-BB55-9BE2883CBB52}.Release|iPhoneSimulator.ActiveCfg = Release|Any CPU
		{E766EE58-CD40-4D98-BB55-9BE2883CBB52}.Release|iPhoneSimulator.Build.0 = Release|Any CPU
		{E766EE58-CD40-4D98-BB55-9BE2883CBB52}.Release|Mixed Platforms.ActiveCfg = Release|Any CPU
		{E766EE58-CD40-4D98-BB55-9BE2883CBB52}.Release|Mixed Platforms.Build.0 = Release|Any CPU
		{690540E0-428D-40D4-994D-93231F58AD57}.Ad-Hoc|Any CPU.ActiveCfg = Release|Any CPU
		{690540E0-428D-40D4-994D-93231F58AD57}.Ad-Hoc|Any CPU.Build.0 = Release|Any CPU
		{690540E0-428D-40D4-994D-93231F58AD57}.Ad-Hoc|iPhone.ActiveCfg = Release|Any CPU
		{690540E0-428D-40D4-994D-93231F58AD57}.Ad-Hoc|iPhone.Build.0 = Release|Any CPU
		{690540E0-428D-40D4-994D-93231F58AD57}.Ad-Hoc|iPhoneSimulator.ActiveCfg = Release|Any CPU
		{690540E0-428D-40D4-994D-93231F58AD57}.Ad-Hoc|iPhoneSimulator.Build.0 = Release|Any CPU
		{690540E0-428D-40D4-994D-93231F58AD57}.Ad-Hoc|Mixed Platforms.ActiveCfg = Release|Any CPU
		{690540E0-428D-40D4-994D-93231F58AD57}.Ad-Hoc|Mixed Platforms.Build.0 = Release|Any CPU
		{690540E0-428D-40D4-994D-93231F58AD57}.AppStore|Any CPU.ActiveCfg = Release|Any CPU
		{690540E0-428D-40D4-994D-93231F58AD57}.AppStore|Any CPU.Build.0 = Release|Any CPU
		{690540E0-428D-40D4-994D-93231F58AD57}.AppStore|iPhone.ActiveCfg = Release|Any CPU
		{690540E0-428D-40D4-994D-93231F58AD57}.AppStore|iPhone.Build.0 = Release|Any CPU
		{690540E0-428D-40D4-994D-93231F58AD57}.AppStore|iPhoneSimulator.ActiveCfg = Release|Any CPU
		{690540E0-428D-40D4-994D-93231F58AD57}.AppStore|iPhoneSimulator.Build.0 = Release|Any CPU
		{690540E0-428D-40D4-994D-93231F58AD57}.AppStore|Mixed Platforms.ActiveCfg = Release|Any CPU
		{690540E0-428D-40D4-994D-93231F58AD57}.AppStore|Mixed Platforms.Build.0 = Release|Any CPU
		{690540E0-428D-40D4-994D-93231F58AD57}.Debug|Any CPU.ActiveCfg = Debug|Any CPU
		{690540E0-428D-40D4-994D-93231F58AD57}.Debug|Any CPU.Build.0 = Debug|Any CPU
		{690540E0-428D-40D4-994D-93231F58AD57}.Debug|iPhone.ActiveCfg = Debug|Any CPU
		{690540E0-428D-40D4-994D-93231F58AD57}.Debug|iPhone.Build.0 = Debug|Any CPU
		{690540E0-428D-40D4-994D-93231F58AD57}.Debug|iPhoneSimulator.ActiveCfg = Debug|Any CPU
		{690540E0-428D-40D4-994D-93231F58AD57}.Debug|iPhoneSimulator.Build.0 = Debug|Any CPU
		{690540E0-428D-40D4-994D-93231F58AD57}.Debug|Mixed Platforms.ActiveCfg = Debug|Any CPU
		{690540E0-428D-40D4-994D-93231F58AD57}.Debug|Mixed Platforms.Build.0 = Debug|Any CPU
		{690540E0-428D-40D4-994D-93231F58AD57}.Release|Any CPU.ActiveCfg = Release|Any CPU
		{690540E0-428D-40D4-994D-93231F58AD57}.Release|Any CPU.Build.0 = Release|Any CPU
		{690540E0-428D-40D4-994D-93231F58AD57}.Release|iPhone.ActiveCfg = Release|Any CPU
		{690540E0-428D-40D4-994D-93231F58AD57}.Release|iPhone.Build.0 = Release|Any CPU
		{690540E0-428D-40D4-994D-93231F58AD57}.Release|iPhoneSimulator.ActiveCfg = Release|Any CPU
		{690540E0-428D-40D4-994D-93231F58AD57}.Release|iPhoneSimulator.Build.0 = Release|Any CPU
		{690540E0-428D-40D4-994D-93231F58AD57}.Release|Mixed Platforms.ActiveCfg = Release|Any CPU
		{690540E0-428D-40D4-994D-93231F58AD57}.Release|Mixed Platforms.Build.0 = Release|Any CPU
		{04737A35-BF01-4A9C-AC7B-75ED57D016B1}.Ad-Hoc|Any CPU.ActiveCfg = Release|Any CPU
		{04737A35-BF01-4A9C-AC7B-75ED57D016B1}.Ad-Hoc|Any CPU.Build.0 = Release|Any CPU
		{04737A35-BF01-4A9C-AC7B-75ED57D016B1}.Ad-Hoc|iPhone.ActiveCfg = Release|Any CPU
		{04737A35-BF01-4A9C-AC7B-75ED57D016B1}.Ad-Hoc|iPhone.Build.0 = Release|Any CPU
		{04737A35-BF01-4A9C-AC7B-75ED57D016B1}.Ad-Hoc|iPhoneSimulator.ActiveCfg = Release|Any CPU
		{04737A35-BF01-4A9C-AC7B-75ED57D016B1}.Ad-Hoc|iPhoneSimulator.Build.0 = Release|Any CPU
		{04737A35-BF01-4A9C-AC7B-75ED57D016B1}.Ad-Hoc|Mixed Platforms.ActiveCfg = Release|Any CPU
		{04737A35-BF01-4A9C-AC7B-75ED57D016B1}.Ad-Hoc|Mixed Platforms.Build.0 = Release|Any CPU
		{04737A35-BF01-4A9C-AC7B-75ED57D016B1}.AppStore|Any CPU.ActiveCfg = Release|Any CPU
		{04737A35-BF01-4A9C-AC7B-75ED57D016B1}.AppStore|Any CPU.Build.0 = Release|Any CPU
		{04737A35-BF01-4A9C-AC7B-75ED57D016B1}.AppStore|iPhone.ActiveCfg = Release|Any CPU
		{04737A35-BF01-4A9C-AC7B-75ED57D016B1}.AppStore|iPhone.Build.0 = Release|Any CPU
		{04737A35-BF01-4A9C-AC7B-75ED57D016B1}.AppStore|iPhoneSimulator.ActiveCfg = Release|Any CPU
		{04737A35-BF01-4A9C-AC7B-75ED57D016B1}.AppStore|iPhoneSimulator.Build.0 = Release|Any CPU
		{04737A35-BF01-4A9C-AC7B-75ED57D016B1}.AppStore|Mixed Platforms.ActiveCfg = Release|Any CPU
		{04737A35-BF01-4A9C-AC7B-75ED57D016B1}.AppStore|Mixed Platforms.Build.0 = Release|Any CPU
		{04737A35-BF01-4A9C-AC7B-75ED57D016B1}.Debug|Any CPU.ActiveCfg = Debug|Any CPU
		{04737A35-BF01-4A9C-AC7B-75ED57D016B1}.Debug|Any CPU.Build.0 = Debug|Any CPU
		{04737A35-BF01-4A9C-AC7B-75ED57D016B1}.Debug|iPhone.ActiveCfg = Debug|Any CPU
		{04737A35-BF01-4A9C-AC7B-75ED57D016B1}.Debug|iPhone.Build.0 = Debug|Any CPU
		{04737A35-BF01-4A9C-AC7B-75ED57D016B1}.Debug|iPhoneSimulator.ActiveCfg = Debug|Any CPU
		{04737A35-BF01-4A9C-AC7B-75ED57D016B1}.Debug|iPhoneSimulator.Build.0 = Debug|Any CPU
		{04737A35-BF01-4A9C-AC7B-75ED57D016B1}.Debug|Mixed Platforms.ActiveCfg = Debug|Any CPU
		{04737A35-BF01-4A9C-AC7B-75ED57D016B1}.Debug|Mixed Platforms.Build.0 = Debug|Any CPU
		{04737A35-BF01-4A9C-AC7B-75ED57D016B1}.Release|Any CPU.ActiveCfg = Release|Any CPU
		{04737A35-BF01-4A9C-AC7B-75ED57D016B1}.Release|Any CPU.Build.0 = Release|Any CPU
		{04737A35-BF01-4A9C-AC7B-75ED57D016B1}.Release|iPhone.ActiveCfg = Release|Any CPU
		{04737A35-BF01-4A9C-AC7B-75ED57D016B1}.Release|iPhone.Build.0 = Release|Any CPU
		{04737A35-BF01-4A9C-AC7B-75ED57D016B1}.Release|iPhoneSimulator.ActiveCfg = Release|Any CPU
		{04737A35-BF01-4A9C-AC7B-75ED57D016B1}.Release|iPhoneSimulator.Build.0 = Release|Any CPU
		{04737A35-BF01-4A9C-AC7B-75ED57D016B1}.Release|Mixed Platforms.ActiveCfg = Release|Any CPU
		{04737A35-BF01-4A9C-AC7B-75ED57D016B1}.Release|Mixed Platforms.Build.0 = Release|Any CPU
		{1DA1F519-4BC0-480C-8E90-DAB84CFE0FD6}.Ad-Hoc|Any CPU.ActiveCfg = Release|Any CPU
		{1DA1F519-4BC0-480C-8E90-DAB84CFE0FD6}.Ad-Hoc|Any CPU.Build.0 = Release|Any CPU
		{1DA1F519-4BC0-480C-8E90-DAB84CFE0FD6}.Ad-Hoc|iPhone.ActiveCfg = Release|Any CPU
		{1DA1F519-4BC0-480C-8E90-DAB84CFE0FD6}.Ad-Hoc|iPhone.Build.0 = Release|Any CPU
		{1DA1F519-4BC0-480C-8E90-DAB84CFE0FD6}.Ad-Hoc|iPhoneSimulator.ActiveCfg = Release|Any CPU
		{1DA1F519-4BC0-480C-8E90-DAB84CFE0FD6}.Ad-Hoc|iPhoneSimulator.Build.0 = Release|Any CPU
		{1DA1F519-4BC0-480C-8E90-DAB84CFE0FD6}.Ad-Hoc|Mixed Platforms.ActiveCfg = Release|Any CPU
		{1DA1F519-4BC0-480C-8E90-DAB84CFE0FD6}.Ad-Hoc|Mixed Platforms.Build.0 = Release|Any CPU
		{1DA1F519-4BC0-480C-8E90-DAB84CFE0FD6}.AppStore|Any CPU.ActiveCfg = Release|Any CPU
		{1DA1F519-4BC0-480C-8E90-DAB84CFE0FD6}.AppStore|Any CPU.Build.0 = Release|Any CPU
		{1DA1F519-4BC0-480C-8E90-DAB84CFE0FD6}.AppStore|iPhone.ActiveCfg = Release|Any CPU
		{1DA1F519-4BC0-480C-8E90-DAB84CFE0FD6}.AppStore|iPhone.Build.0 = Release|Any CPU
		{1DA1F519-4BC0-480C-8E90-DAB84CFE0FD6}.AppStore|iPhoneSimulator.ActiveCfg = Release|Any CPU
		{1DA1F519-4BC0-480C-8E90-DAB84CFE0FD6}.AppStore|iPhoneSimulator.Build.0 = Release|Any CPU
		{1DA1F519-4BC0-480C-8E90-DAB84CFE0FD6}.AppStore|Mixed Platforms.ActiveCfg = Release|Any CPU
		{1DA1F519-4BC0-480C-8E90-DAB84CFE0FD6}.AppStore|Mixed Platforms.Build.0 = Release|Any CPU
		{1DA1F519-4BC0-480C-8E90-DAB84CFE0FD6}.Debug|Any CPU.ActiveCfg = Debug|Any CPU
		{1DA1F519-4BC0-480C-8E90-DAB84CFE0FD6}.Debug|Any CPU.Build.0 = Debug|Any CPU
		{1DA1F519-4BC0-480C-8E90-DAB84CFE0FD6}.Debug|iPhone.ActiveCfg = Debug|Any CPU
		{1DA1F519-4BC0-480C-8E90-DAB84CFE0FD6}.Debug|iPhone.Build.0 = Debug|Any CPU
		{1DA1F519-4BC0-480C-8E90-DAB84CFE0FD6}.Debug|iPhoneSimulator.ActiveCfg = Debug|Any CPU
		{1DA1F519-4BC0-480C-8E90-DAB84CFE0FD6}.Debug|iPhoneSimulator.Build.0 = Debug|Any CPU
		{1DA1F519-4BC0-480C-8E90-DAB84CFE0FD6}.Debug|Mixed Platforms.ActiveCfg = Debug|Any CPU
		{1DA1F519-4BC0-480C-8E90-DAB84CFE0FD6}.Debug|Mixed Platforms.Build.0 = Debug|Any CPU
		{1DA1F519-4BC0-480C-8E90-DAB84CFE0FD6}.Release|Any CPU.ActiveCfg = Release|Any CPU
		{1DA1F519-4BC0-480C-8E90-DAB84CFE0FD6}.Release|Any CPU.Build.0 = Release|Any CPU
		{1DA1F519-4BC0-480C-8E90-DAB84CFE0FD6}.Release|iPhone.ActiveCfg = Release|Any CPU
		{1DA1F519-4BC0-480C-8E90-DAB84CFE0FD6}.Release|iPhone.Build.0 = Release|Any CPU
		{1DA1F519-4BC0-480C-8E90-DAB84CFE0FD6}.Release|iPhoneSimulator.ActiveCfg = Release|Any CPU
		{1DA1F519-4BC0-480C-8E90-DAB84CFE0FD6}.Release|iPhoneSimulator.Build.0 = Release|Any CPU
		{1DA1F519-4BC0-480C-8E90-DAB84CFE0FD6}.Release|Mixed Platforms.ActiveCfg = Release|Any CPU
		{1DA1F519-4BC0-480C-8E90-DAB84CFE0FD6}.Release|Mixed Platforms.Build.0 = Release|Any CPU
	EndGlobalSection
	GlobalSection(SolutionProperties) = preSolution
		HideSolutionNode = FALSE
	EndGlobalSection
	GlobalSection(NestedProjects) = preSolution
		{0FC1AF95-2FFF-4FE4-A173-023A55730797} = {6B88C8F4-22F2-43AE-B3C8-85C83DE31CC8}
	EndGlobalSection
EndGlobal
